// !$*UTF8*$!
{
	archiveVersion = 1;
	classes = {
	};
	objectVersion = 77;
	objects = {

/* Begin PBXBuildFile section */
		6D02C9D12F5B4718008193F3 /* InsightsView.swift in Sources */ = {isa = PBXBuildFile; fileRef = 6D02C9CF2F5B4402008193F3 /* InsightsView.swift */; };
		6D02C9D32F5B4D1F008193F3 /* StreakEngine.swift in Sources */ = {isa = PBXBuildFile; fileRef = 6D02C9D22F5B4D1F008193F3 /* StreakEngine.swift */; };
		6D02C9D52F5B4D63008193F3 /* FocusTimerView.swift in Sources */ = {isa = PBXBuildFile; fileRef = 6D02C9D42F5B4D63008193F3 /* FocusTimerView.swift */; };
		6D02C9D72F5B4D95008193F3 /* SmartInsights.swift in Sources */ = {isa = PBXBuildFile; fileRef = 6D02C9D62F5B4D95008193F3 /* SmartInsights.swift */; };
		6D215DA32F55FD7100F7B9D7 /* EditTaskView.swift in Sources */ = {isa = PBXBuildFile; fileRef = 6D215DA22F55FD7100F7B9D7 /* EditTaskView.swift */; };
		6D215DA52F5602D100F7B9D7 /* MainTabView.swift in Sources */ = {isa = PBXBuildFile; fileRef = 6D215DA42F5602D100F7B9D7 /* MainTabView.swift */; };
		6D215DA72F56035A00F7B9D7 /* EventItem.swift in Sources */ = {isa = PBXBuildFile; fileRef = 6D215DA62F56035A00F7B9D7 /* EventItem.swift */; };
		6D215DA92F5603B100F7B9D7 /* WeekView.swift in Sources */ = {isa = PBXBuildFile; fileRef = 6D215DA82F5603B100F7B9D7 /* WeekView.swift */; };
		6D215DAB2F5603D600F7B9D7 /* AddEventView.swift in Sources */ = {isa = PBXBuildFile; fileRef = 6D215DAA2F5603D600F7B9D7 /* AddEventView.swift */; };
		6D215DB12F5617BF00F7B9D7 /* TodoStore.swift in Sources */ = {isa = PBXBuildFile; fileRef = 6D215DB02F5617BF00F7B9D7 /* TodoStore.swift */; };
		6D215DB32F56342E00F7B9D7 /* EditEventView.swift in Sources */ = {isa = PBXBuildFile; fileRef = 6D215DB22F56342E00F7B9D7 /* EditEventView.swift */; };
		6D215DB52F56427E00F7B9D7 /* ShareSheet.swift in Sources */ = {isa = PBXBuildFile; fileRef = 6D215DB42F56427E00F7B9D7 /* ShareSheet.swift */; };
		6D215DB72F5642AE00F7B9D7 /* ScheduleExport.swift in Sources */ = {isa = PBXBuildFile; fileRef = 6D215DB62F5642AE00F7B9D7 /* ScheduleExport.swift */; };
		6D215DBF2F56458C00F7B9D7 /* WidgetKit.framework in Frameworks */ = {isa = PBXBuildFile; fileRef = 6D215DBE2F56458C00F7B9D7 /* WidgetKit.framework */; };
		6D215DC12F56458C00F7B9D7 /* SwiftUI.framework in Frameworks */ = {isa = PBXBuildFile; fileRef = 6D215DC02F56458C00F7B9D7 /* SwiftUI.framework */; };
		6D215DD02F56458E00F7B9D7 /* WidgetExtensionExtension.appex in Embed Foundation Extensions */ = {isa = PBXBuildFile; fileRef = 6D215DBC2F56458C00F7B9D7 /* WidgetExtensionExtension.appex */; settings = {ATTRIBUTES = (RemoveHeadersOnCopy, ); }; };
		6D215DD92F5645F200F7B9D7 /* WidgetShared.swift in Sources */ = {isa = PBXBuildFile; fileRef = 6D215DD82F5645F200F7B9D7 /* WidgetShared.swift */; };
		6D215DDA2F56477500F7B9D7 /* WidgetShared.swift in Sources */ = {isa = PBXBuildFile; fileRef = 6D215DD82F5645F200F7B9D7 /* WidgetShared.swift */; };
		6D215DDC2F564C4100F7B9D7 /* WidgetSync+App.swift in Sources */ = {isa = PBXBuildFile; fileRef = 6D215DDB2F564C4100F7B9D7 /* WidgetSync+App.swift */; };
		6D81C1082F59E87500B65AF8 /* DailyTodo.entitlements.plist in Resources */ = {isa = PBXBuildFile; fileRef = 6D81C1072F59E87500B65AF8 /* DailyTodo.entitlements.plist */; };
		6DF0C91D2F557AA50043B887 /* DailyTodoApp.swift in Sources */ = {isa = PBXBuildFile; fileRef = 6DF0C91C2F557AA50043B887 /* DailyTodoApp.swift */; };
		6DF0C93D2F557DBF0043B887 /* RootView.swift in Sources */ = {isa = PBXBuildFile; fileRef = 6DF0C93C2F557DBF0043B887 /* RootView.swift */; };
		6DF0C9412F557F730043B887 /* AddTaskView.swift in Sources */ = {isa = PBXBuildFile; fileRef = 6DF0C9402F557F730043B887 /* AddTaskView.swift */; };
		6DF0C9462F55E3960043B887 /* OnboardingView.swift in Sources */ = {isa = PBXBuildFile; fileRef = 6DF0C9452F55E3960043B887 /* OnboardingView.swift */; };
		6DF8FB932F5B6B3E00D548E4 /* EventItem.swift in Sources */ = {isa = PBXBuildFile; fileRef = 6D215DA62F56035A00F7B9D7 /* EventItem.swift */; };
		6DF8FB992F5B918100D548E4 /* HeatmapView.swift in Sources */ = {isa = PBXBuildFile; fileRef = 6DF8FB982F5B918100D548E4 /* HeatmapView.swift */; };
/* End PBXBuildFile section */

/* Begin PBXContainerItemProxy section */
		6D215DCE2F56458E00F7B9D7 /* PBXContainerItemProxy */ = {
			isa = PBXContainerItemProxy;
			containerPortal = 6DF0C9112F557AA50043B887 /* Project object */;
			proxyType = 1;
			remoteGlobalIDString = 6D215DBB2F56458C00F7B9D7;
			remoteInfo = WidgetExtensionExtension;
		};
/* End PBXContainerItemProxy section */

/* Begin PBXCopyFilesBuildPhase section */
		6D215DD52F56458E00F7B9D7 /* Embed Foundation Extensions */ = {
			isa = PBXCopyFilesBuildPhase;
			buildActionMask = 2147483647;
			dstPath = "";
			dstSubfolderSpec = 13;
			files = (
				6D215DD02F56458E00F7B9D7 /* WidgetExtensionExtension.appex in Embed Foundation Extensions */,
			);
			name = "Embed Foundation Extensions";
			runOnlyForDeploymentPostprocessing = 0;
		};
/* End PBXCopyFilesBuildPhase section */

/* Begin PBXFileReference section */
		6D02C9CF2F5B4402008193F3 /* InsightsView.swift */ = {isa = PBXFileReference; lastKnownFileType = sourcecode.swift; path = InsightsView.swift; sourceTree = "<group>"; };
		6D02C9D22F5B4D1F008193F3 /* StreakEngine.swift */ = {isa = PBXFileReference; lastKnownFileType = sourcecode.swift; path = StreakEngine.swift; sourceTree = "<group>"; };
		6D02C9D42F5B4D63008193F3 /* FocusTimerView.swift */ = {isa = PBXFileReference; lastKnownFileType = sourcecode.swift; path = FocusTimerView.swift; sourceTree = "<group>"; };
		6D02C9D62F5B4D95008193F3 /* SmartInsights.swift */ = {isa = PBXFileReference; lastKnownFileType = sourcecode.swift; path = SmartInsights.swift; sourceTree = "<group>"; };
		6D215DA22F55FD7100F7B9D7 /* EditTaskView.swift */ = {isa = PBXFileReference; lastKnownFileType = sourcecode.swift; path = EditTaskView.swift; sourceTree = "<group>"; };
		6D215DA42F5602D100F7B9D7 /* MainTabView.swift */ = {isa = PBXFileReference; lastKnownFileType = sourcecode.swift; path = MainTabView.swift; sourceTree = "<group>"; };
		6D215DA62F56035A00F7B9D7 /* EventItem.swift */ = {isa = PBXFileReference; lastKnownFileType = sourcecode.swift; path = EventItem.swift; sourceTree = "<group>"; };
		6D215DA82F5603B100F7B9D7 /* WeekView.swift */ = {isa = PBXFileReference; lastKnownFileType = sourcecode.swift; path = WeekView.swift; sourceTree = "<group>"; };
		6D215DAA2F5603D600F7B9D7 /* AddEventView.swift */ = {isa = PBXFileReference; lastKnownFileType = sourcecode.swift; path = AddEventView.swift; sourceTree = "<group>"; };
		6D215DB02F5617BF00F7B9D7 /* TodoStore.swift */ = {isa = PBXFileReference; lastKnownFileType = sourcecode.swift; path = TodoStore.swift; sourceTree = "<group>"; };
		6D215DB22F56342E00F7B9D7 /* EditEventView.swift */ = {isa = PBXFileReference; lastKnownFileType = sourcecode.swift; path = EditEventView.swift; sourceTree = "<group>"; };
		6D215DB42F56427E00F7B9D7 /* ShareSheet.swift */ = {isa = PBXFileReference; lastKnownFileType = sourcecode.swift; path = ShareSheet.swift; sourceTree = "<group>"; };
		6D215DB62F5642AE00F7B9D7 /* ScheduleExport.swift */ = {isa = PBXFileReference; lastKnownFileType = sourcecode.swift; path = ScheduleExport.swift; sourceTree = "<group>"; };
		6D215DBC2F56458C00F7B9D7 /* WidgetExtensionExtension.appex */ = {isa = PBXFileReference; explicitFileType = "wrapper.app-extension"; includeInIndex = 0; path = WidgetExtensionExtension.appex; sourceTree = BUILT_PRODUCTS_DIR; };
		6D215DBE2F56458C00F7B9D7 /* WidgetKit.framework */ = {isa = PBXFileReference; lastKnownFileType = wrapper.framework; name = WidgetKit.framework; path = System/Library/Frameworks/WidgetKit.framework; sourceTree = SDKROOT; };
		6D215DC02F56458C00F7B9D7 /* SwiftUI.framework */ = {isa = PBXFileReference; lastKnownFileType = wrapper.framework; name = SwiftUI.framework; path = System/Library/Frameworks/SwiftUI.framework; sourceTree = SDKROOT; };
		6D215DD72F5645B100F7B9D7 /* WidgetExtensionExtension.entitlements */ = {isa = PBXFileReference; lastKnownFileType = text.plist.entitlements; path = WidgetExtensionExtension.entitlements; sourceTree = "<group>"; };
		6D215DD82F5645F200F7B9D7 /* WidgetShared.swift */ = {isa = PBXFileReference; lastKnownFileType = sourcecode.swift; path = WidgetShared.swift; sourceTree = "<group>"; };
		6D215DDB2F564C4100F7B9D7 /* WidgetSync+App.swift */ = {isa = PBXFileReference; lastKnownFileType = sourcecode.swift; path = "WidgetSync+App.swift"; sourceTree = "<group>"; };
		6D81C1072F59E87500B65AF8 /* DailyTodo.entitlements.plist */ = {isa = PBXFileReference; lastKnownFileType = text.plist.xml; path = DailyTodo.entitlements.plist; sourceTree = "<group>"; };
		6DF0C9192F557AA50043B887 /* DailyTodo.app */ = {isa = PBXFileReference; explicitFileType = wrapper.application; includeInIndex = 0; path = DailyTodo.app; sourceTree = BUILT_PRODUCTS_DIR; };
		6DF0C91C2F557AA50043B887 /* DailyTodoApp.swift */ = {isa = PBXFileReference; lastKnownFileType = sourcecode.swift; path = DailyTodoApp.swift; sourceTree = "<group>"; };
		6DF0C93C2F557DBF0043B887 /* RootView.swift */ = {isa = PBXFileReference; lastKnownFileType = sourcecode.swift; path = RootView.swift; sourceTree = "<group>"; };
		6DF0C93E2F557F630043B887 /* HomeView.swift */ = {isa = PBXFileReference; lastKnownFileType = sourcecode.swift; path = HomeView.swift; sourceTree = "<group>"; };
		6DF0C9402F557F730043B887 /* AddTaskView.swift */ = {isa = PBXFileReference; lastKnownFileType = sourcecode.swift; path = AddTaskView.swift; sourceTree = "<group>"; };
		6DF0C9452F55E3960043B887 /* OnboardingView.swift */ = {isa = PBXFileReference; lastKnownFileType = sourcecode.swift; path = OnboardingView.swift; sourceTree = "<group>"; };
		6DF8FB982F5B918100D548E4 /* HeatmapView.swift */ = {isa = PBXFileReference; lastKnownFileType = sourcecode.swift; path = HeatmapView.swift; sourceTree = "<group>"; };
/* End PBXFileReference section */

/* Begin PBXFileSystemSynchronizedBuildFileExceptionSet section */
		6D215DD12F56458E00F7B9D7 /* Exceptions for "WidgetExtension" folder in "WidgetExtensionExtension" target */ = {
			isa = PBXFileSystemSynchronizedBuildFileExceptionSet;
			membershipExceptions = (
				Info.plist,
			);
			target = 6D215DBB2F56458C00F7B9D7 /* WidgetExtensionExtension */;
		};
		6D215DEF2F57547B00F7B9D7 /* Exceptions for "DailyTodo" folder in "DailyTodo" target */ = {
			isa = PBXFileSystemSynchronizedBuildFileExceptionSet;
			membershipExceptions = (
				Info.plist,
			);
			target = 6DF0C9182F557AA50043B887 /* DailyTodo */;
		};
		6D40DBA22F5B66C600B29D9B /* Exceptions for "DailyTodo" folder in "WidgetExtensionExtension" target */ = {
			isa = PBXFileSystemSynchronizedBuildFileExceptionSet;
			membershipExceptions = (
				DTTaskItem.swift,
				ScheduleShare.swift,
				ScheduleShared/ScheduleAttributes.swift,
			);
			target = 6D215DBB2F56458C00F7B9D7 /* WidgetExtensionExtension */;
		};
		6D81C10C2F59F33300B65AF8 /* Exceptions for "WidgetExtension" folder in "DailyTodo" target */ = {
			isa = PBXFileSystemSynchronizedBuildFileExceptionSet;
			membershipExceptions = (
				WidgetExtension.entitlements.plist,
			);
			target = 6DF0C9182F557AA50043B887 /* DailyTodo */;
		};
/* End PBXFileSystemSynchronizedBuildFileExceptionSet section */

/* Begin PBXFileSystemSynchronizedRootGroup section */
		6D215DC22F56458C00F7B9D7 /* WidgetExtension */ = {
			isa = PBXFileSystemSynchronizedRootGroup;
			exceptions = (
				6D81C10C2F59F33300B65AF8 /* Exceptions for "WidgetExtension" folder in "DailyTodo" target */,
				6D215DD12F56458E00F7B9D7 /* Exceptions for "WidgetExtension" folder in "WidgetExtensionExtension" target */,
			);
			path = WidgetExtension;
			sourceTree = "<group>";
		};
		6DF0C91B2F557AA50043B887 /* DailyTodo */ = {
			isa = PBXFileSystemSynchronizedRootGroup;
			exceptions = (
				6D215DEF2F57547B00F7B9D7 /* Exceptions for "DailyTodo" folder in "DailyTodo" target */,
				6D40DBA22F5B66C600B29D9B /* Exceptions for "DailyTodo" folder in "WidgetExtensionExtension" target */,
			);
			path = DailyTodo;
			sourceTree = "<group>";
		};
/* End PBXFileSystemSynchronizedRootGroup section */

/* Begin PBXFrameworksBuildPhase section */
		6D215DB92F56458C00F7B9D7 /* Frameworks */ = {
			isa = PBXFrameworksBuildPhase;
			buildActionMask = 2147483647;
			files = (
				6D215DC12F56458C00F7B9D7 /* SwiftUI.framework in Frameworks */,
				6D215DBF2F56458C00F7B9D7 /* WidgetKit.framework in Frameworks */,
			);
			runOnlyForDeploymentPostprocessing = 0;
		};
		6DF0C9162F557AA50043B887 /* Frameworks */ = {
			isa = PBXFrameworksBuildPhase;
			buildActionMask = 2147483647;
			files = (
			);
			runOnlyForDeploymentPostprocessing = 0;
		};
/* End PBXFrameworksBuildPhase section */

/* Begin PBXGroup section */
		6D215DBD2F56458C00F7B9D7 /* Frameworks */ = {
			isa = PBXGroup;
			children = (
				6D215DBE2F56458C00F7B9D7 /* WidgetKit.framework */,
				6D215DC02F56458C00F7B9D7 /* SwiftUI.framework */,
			);
			name = Frameworks;
			sourceTree = "<group>";
		};
		6DF0C9102F557AA50043B887 = {
			isa = PBXGroup;
			children = (
				6D81C1072F59E87500B65AF8 /* DailyTodo.entitlements.plist */,
				6D215DD72F5645B100F7B9D7 /* WidgetExtensionExtension.entitlements */,
				6DF0C91B2F557AA50043B887 /* DailyTodo */,
				6D215DC22F56458C00F7B9D7 /* WidgetExtension */,
				6D215DBD2F56458C00F7B9D7 /* Frameworks */,
				6DF0C91A2F557AA50043B887 /* Products */,
				6DF0C92A2F557AE90043B887 /* App */,
				6DF0C92D2F557B0F0043B887 /* Core */,
				6DF0C92F2F557B2C0043B887 /* Shared */,
				6DF0C9312F557BD20043B887 /* Features */,
				6DF0C9332F557BEE0043B887 /* Widget */,
				6DF0C9352F557BFF0043B887 /* Premium */,
				6DF0C9372F557C110043B887 /* Resources */,
			);
			sourceTree = "<group>";
		};
		6DF0C91A2F557AA50043B887 /* Products */ = {
			isa = PBXGroup;
			children = (
				6DF0C9192F557AA50043B887 /* DailyTodo.app */,
				6D215DBC2F56458C00F7B9D7 /* WidgetExtensionExtension.appex */,
			);
			name = Products;
			sourceTree = "<group>";
		};
		6DF0C92A2F557AE90043B887 /* App */ = {
			isa = PBXGroup;
			children = (
				6DF0C91C2F557AA50043B887 /* DailyTodoApp.swift */,
			);
			path = App;
			sourceTree = "<group>";
		};
		6DF0C92D2F557B0F0043B887 /* Core */ = {
			isa = PBXGroup;
			children = (
				6D215DB02F5617BF00F7B9D7 /* TodoStore.swift */,
				6D02C9D22F5B4D1F008193F3 /* StreakEngine.swift */,
				6D02C9D62F5B4D95008193F3 /* SmartInsights.swift */,
			);
			path = Core;
			sourceTree = "<group>";
		};
		6DF0C92F2F557B2C0043B887 /* Shared */ = {
			isa = PBXGroup;
			children = (
				6D215DA62F56035A00F7B9D7 /* EventItem.swift */,
				6D215DB42F56427E00F7B9D7 /* ShareSheet.swift */,
				6D215DB62F5642AE00F7B9D7 /* ScheduleExport.swift */,
				6D215DD82F5645F200F7B9D7 /* WidgetShared.swift */,
				6D215DDB2F564C4100F7B9D7 /* WidgetSync+App.swift */,
			);
			path = Shared;
			sourceTree = "<group>";
		};
		6DF0C9312F557BD20043B887 /* Features */ = {
			isa = PBXGroup;
			children = (
				6DF0C9442F55E3770043B887 /* Onboarding */,
				6DF0C93C2F557DBF0043B887 /* RootView.swift */,
				6DF0C93E2F557F630043B887 /* HomeView.swift */,
				6DF0C9402F557F730043B887 /* AddTaskView.swift */,
				6D215DA22F55FD7100F7B9D7 /* EditTaskView.swift */,
				6D215DA42F5602D100F7B9D7 /* MainTabView.swift */,
				6D215DA82F5603B100F7B9D7 /* WeekView.swift */,
				6D215DAA2F5603D600F7B9D7 /* AddEventView.swift */,
				6D215DB22F56342E00F7B9D7 /* EditEventView.swift */,
				6D02C9CF2F5B4402008193F3 /* InsightsView.swift */,
				6DF8FB982F5B918100D548E4 /* HeatmapView.swift */,
				6D02C9D42F5B4D63008193F3 /* FocusTimerView.swift */,
			);
			path = Features;
			sourceTree = "<group>";
		};
		6DF0C9332F557BEE0043B887 /* Widget */ = {
			isa = PBXGroup;
			children = (
			);
			path = Widget;
			sourceTree = "<group>";
		};
		6DF0C9352F557BFF0043B887 /* Premium */ = {
			isa = PBXGroup;
			children = (
			);
			path = Premium;
			sourceTree = "<group>";
		};
		6DF0C9372F557C110043B887 /* Resources */ = {
			isa = PBXGroup;
			children = (
			);
			path = Resources;
			sourceTree = "<group>";
		};
		6DF0C9442F55E3770043B887 /* Onboarding */ = {
			isa = PBXGroup;
			children = (
				6DF0C9452F55E3960043B887 /* OnboardingView.swift */,
			);
			path = Onboarding;
			sourceTree = "<group>";
		};
/* End PBXGroup section */

/* Begin PBXNativeTarget section */
		6D215DBB2F56458C00F7B9D7 /* WidgetExtensionExtension */ = {
			isa = PBXNativeTarget;
			buildConfigurationList = 6D215DD22F56458E00F7B9D7 /* Build configuration list for PBXNativeTarget "WidgetExtensionExtension" */;
			buildPhases = (
				6D215DB82F56458C00F7B9D7 /* Sources */,
				6D215DB92F56458C00F7B9D7 /* Frameworks */,
				6D215DBA2F56458C00F7B9D7 /* Resources */,
			);
			buildRules = (
			);
			dependencies = (
			);
			fileSystemSynchronizedGroups = (
				6D215DC22F56458C00F7B9D7 /* WidgetExtension */,
			);
			name = WidgetExtensionExtension;
			packageProductDependencies = (
			);
			productName = WidgetExtensionExtension;
			productReference = 6D215DBC2F56458C00F7B9D7 /* WidgetExtensionExtension.appex */;
			productType = "com.apple.product-type.app-extension";
		};
		6DF0C9182F557AA50043B887 /* DailyTodo */ = {
			isa = PBXNativeTarget;
			buildConfigurationList = 6DF0C9262F557AA60043B887 /* Build configuration list for PBXNativeTarget "DailyTodo" */;
			buildPhases = (
				6DF0C9152F557AA50043B887 /* Sources */,
				6DF0C9162F557AA50043B887 /* Frameworks */,
				6DF0C9172F557AA50043B887 /* Resources */,
				6D215DD52F56458E00F7B9D7 /* Embed Foundation Extensions */,
			);
			buildRules = (
			);
			dependencies = (
				6D215DCF2F56458E00F7B9D7 /* PBXTargetDependency */,
			);
			fileSystemSynchronizedGroups = (
				6DF0C91B2F557AA50043B887 /* DailyTodo */,
			);
			name = DailyTodo;
			packageProductDependencies = (
			);
			productName = DailyTodo;
			productReference = 6DF0C9192F557AA50043B887 /* DailyTodo.app */;
			productType = "com.apple.product-type.application";
		};
/* End PBXNativeTarget section */

/* Begin PBXProject section */
		6DF0C9112F557AA50043B887 /* Project object */ = {
			isa = PBXProject;
			attributes = {
				BuildIndependentTargetsInParallel = 1;
				LastSwiftUpdateCheck = 2630;
				LastUpgradeCheck = 2630;
				TargetAttributes = {
					6D215DBB2F56458C00F7B9D7 = {
						CreatedOnToolsVersion = 26.3;
					};
					6DF0C9182F557AA50043B887 = {
						CreatedOnToolsVersion = 26.3;
					};
				};
			};
			buildConfigurationList = 6DF0C9142F557AA50043B887 /* Build configuration list for PBXProject "DailyTodo" */;
			developmentRegion = en;
			hasScannedForEncodings = 0;
			knownRegions = (
				en,
				Base,
			);
			mainGroup = 6DF0C9102F557AA50043B887;
			minimizedProjectReferenceProxies = 1;
			preferredProjectObjectVersion = 77;
			productRefGroup = 6DF0C91A2F557AA50043B887 /* Products */;
			projectDirPath = "";
			projectRoot = "";
			targets = (
				6DF0C9182F557AA50043B887 /* DailyTodo */,
				6D215DBB2F56458C00F7B9D7 /* WidgetExtensionExtension */,
			);
		};
/* End PBXProject section */

/* Begin PBXResourcesBuildPhase section */
		6D215DBA2F56458C00F7B9D7 /* Resources */ = {
			isa = PBXResourcesBuildPhase;
			buildActionMask = 2147483647;
			files = (
			);
			runOnlyForDeploymentPostprocessing = 0;
		};
		6DF0C9172F557AA50043B887 /* Resources */ = {
			isa = PBXResourcesBuildPhase;
			buildActionMask = 2147483647;
			files = (
				6D81C1082F59E87500B65AF8 /* DailyTodo.entitlements.plist in Resources */,
			);
			runOnlyForDeploymentPostprocessing = 0;
		};
/* End PBXResourcesBuildPhase section */

/* Begin PBXSourcesBuildPhase section */
		6D215DB82F56458C00F7B9D7 /* Sources */ = {
			isa = PBXSourcesBuildPhase;
			buildActionMask = 2147483647;
			files = (
				6D215DDA2F56477500F7B9D7 /* WidgetShared.swift in Sources */,
				6DF8FB932F5B6B3E00D548E4 /* EventItem.swift in Sources */,
			);
			runOnlyForDeploymentPostprocessing = 0;
		};
		6DF0C9152F557AA50043B887 /* Sources */ = {
			isa = PBXSourcesBuildPhase;
			buildActionMask = 2147483647;
			files = (
				6DF0C93D2F557DBF0043B887 /* RootView.swift in Sources */,
				6D215DB52F56427E00F7B9D7 /* ShareSheet.swift in Sources */,
				6DF0C91D2F557AA50043B887 /* DailyTodoApp.swift in Sources */,
				6D215DB12F5617BF00F7B9D7 /* TodoStore.swift in Sources */,
				6D02C9D72F5B4D95008193F3 /* SmartInsights.swift in Sources */,
				6D215DA52F5602D100F7B9D7 /* MainTabView.swift in Sources */,
				6D215DD92F5645F200F7B9D7 /* WidgetShared.swift in Sources */,
				6D215DA32F55FD7100F7B9D7 /* EditTaskView.swift in Sources */,
				6DF0C9412F557F730043B887 /* AddTaskView.swift in Sources */,
				6D215DAB2F5603D600F7B9D7 /* AddEventView.swift in Sources */,
				6D215DA92F5603B100F7B9D7 /* WeekView.swift in Sources */,
				6DF8FB992F5B918100D548E4 /* HeatmapView.swift in Sources */,
				6D02C9D32F5B4D1F008193F3 /* StreakEngine.swift in Sources */,
				6D02C9D52F5B4D63008193F3 /* FocusTimerView.swift in Sources */,
				6D02C9D12F5B4718008193F3 /* InsightsView.swift in Sources */,
				6DF0C9462F55E3960043B887 /* OnboardingView.swift in Sources */,
				6D215DDC2F564C4100F7B9D7 /* WidgetSync+App.swift in Sources */,
				6D215DA72F56035A00F7B9D7 /* EventItem.swift in Sources */,
				6D215DB72F5642AE00F7B9D7 /* ScheduleExport.swift in Sources */,
				6D215DB32F56342E00F7B9D7 /* EditEventView.swift in Sources */,
			);
			runOnlyForDeploymentPostprocessing = 0;
		};
/* End PBXSourcesBuildPhase section */

/* Begin PBXTargetDependency section */
		6D215DCF2F56458E00F7B9D7 /* PBXTargetDependency */ = {
			isa = PBXTargetDependency;
			target = 6D215DBB2F56458C00F7B9D7 /* WidgetExtensionExtension */;
			targetProxy = 6D215DCE2F56458E00F7B9D7 /* PBXContainerItemProxy */;
		};
/* End PBXTargetDependency section */

/* Begin XCBuildConfiguration section */
		6D215DD32F56458E00F7B9D7 /* Debug */ = {
			isa = XCBuildConfiguration;
			buildSettings = {
				ASSETCATALOG_COMPILER_GLOBAL_ACCENT_COLOR_NAME = AccentColor;
				ASSETCATALOG_COMPILER_WIDGET_BACKGROUND_COLOR_NAME = WidgetBackground;
				CODE_SIGN_ENTITLEMENTS = WidgetExtensionExtension.entitlements;
				CODE_SIGN_STYLE = Automatic;
				CURRENT_PROJECT_VERSION = 1;
				DEVELOPMENT_TEAM = 2KC59ZZTWK;
				GENERATE_INFOPLIST_FILE = YES;
				INFOPLIST_FILE = WidgetExtension/Info.plist;
				INFOPLIST_KEY_CFBundleDisplayName = WidgetExtension;
				INFOPLIST_KEY_NSHumanReadableCopyright = "";
				INFOPLIST_KEY_NSSupportsLiveActivities = YES;
				LD_RUNPATH_SEARCH_PATHS = (
					"$(inherited)",
					"@executable_path/Frameworks",
					"@executable_path/../../Frameworks",
				);
				MARKETING_VERSION = 1.0;
				PRODUCT_BUNDLE_IDENTIFIER = com.atakan.DailyTodo.WidgetExtension;
				PRODUCT_NAME = "$(TARGET_NAME)";
				SKIP_INSTALL = YES;
				STRING_CATALOG_GENERATE_SYMBOLS = YES;
				SWIFT_APPROACHABLE_CONCURRENCY = YES;
				SWIFT_EMIT_LOC_STRINGS = YES;
				SWIFT_UPCOMING_FEATURE_MEMBER_IMPORT_VISIBILITY = YES;
				SWIFT_VERSION = 5.0;
				TARGETED_DEVICE_FAMILY = "1,2";
			};
			name = Debug;
		};
		6D215DD42F56458E00F7B9D7 /* Release */ = {
			isa = XCBuildConfiguration;
			buildSettings = {
				ASSETCATALOG_COMPILER_GLOBAL_ACCENT_COLOR_NAME = AccentColor;
				ASSETCATALOG_COMPILER_WIDGET_BACKGROUND_COLOR_NAME = WidgetBackground;
				CODE_SIGN_ENTITLEMENTS = WidgetExtensionExtension.entitlements;
				CODE_SIGN_STYLE = Automatic;
				CURRENT_PROJECT_VERSION = 1;
				DEVELOPMENT_TEAM = 2KC59ZZTWK;
				GENERATE_INFOPLIST_FILE = YES;
				INFOPLIST_FILE = WidgetExtension/Info.plist;
				INFOPLIST_KEY_CFBundleDisplayName = WidgetExtension;
				INFOPLIST_KEY_NSHumanReadableCopyright = "";
				INFOPLIST_KEY_NSSupportsLiveActivities = YES;
				LD_RUNPATH_SEARCH_PATHS = (
					"$(inherited)",
					"@executable_path/Frameworks",
					"@executable_path/../../Frameworks",
				);
				MARKETING_VERSION = 1.0;
				PRODUCT_BUNDLE_IDENTIFIER = com.atakan.DailyTodo.WidgetExtension;
				PRODUCT_NAME = "$(TARGET_NAME)";
				SKIP_INSTALL = YES;
				STRING_CATALOG_GENERATE_SYMBOLS = YES;
				SWIFT_APPROACHABLE_CONCURRENCY = YES;
				SWIFT_EMIT_LOC_STRINGS = YES;
				SWIFT_UPCOMING_FEATURE_MEMBER_IMPORT_VISIBILITY = YES;
				SWIFT_VERSION = 5.0;
				TARGETED_DEVICE_FAMILY = "1,2";
			};
			name = Release;
		};
		6DF0C9242F557AA60043B887 /* Debug */ = {
			isa = XCBuildConfiguration;
			buildSettings = {
				ALWAYS_SEARCH_USER_PATHS = NO;
				ASSETCATALOG_COMPILER_GENERATE_SWIFT_ASSET_SYMBOL_EXTENSIONS = YES;
				CLANG_ANALYZER_NONNULL = YES;
				CLANG_ANALYZER_NUMBER_OBJECT_CONVERSION = YES_AGGRESSIVE;
				CLANG_CXX_LANGUAGE_STANDARD = "gnu++20";
				CLANG_ENABLE_MODULES = YES;
				CLANG_ENABLE_OBJC_ARC = YES;
				CLANG_ENABLE_OBJC_WEAK = YES;
				CLANG_WARN_BLOCK_CAPTURE_AUTORELEASING = YES;
				CLANG_WARN_BOOL_CONVERSION = YES;
				CLANG_WARN_COMMA = YES;
				CLANG_WARN_CONSTANT_CONVERSION = YES;
				CLANG_WARN_DEPRECATED_OBJC_IMPLEMENTATIONS = YES;
				CLANG_WARN_DIRECT_OBJC_ISA_USAGE = YES_ERROR;
				CLANG_WARN_DOCUMENTATION_COMMENTS = YES;
				CLANG_WARN_EMPTY_BODY = YES;
				CLANG_WARN_ENUM_CONVERSION = YES;
				CLANG_WARN_INFINITE_RECURSION = YES;
				CLANG_WARN_INT_CONVERSION = YES;
				CLANG_WARN_NON_LITERAL_NULL_CONVERSION = YES;
				CLANG_WARN_OBJC_IMPLICIT_RETAIN_SELF = YES;
				CLANG_WARN_OBJC_LITERAL_CONVERSION = YES;
				CLANG_WARN_OBJC_ROOT_CLASS = YES_ERROR;
				CLANG_WARN_QUOTED_INCLUDE_IN_FRAMEWORK_HEADER = YES;
				CLANG_WARN_RANGE_LOOP_ANALYSIS = YES;
				CLANG_WARN_STRICT_PROTOTYPES = YES;
				CLANG_WARN_SUSPICIOUS_MOVE = YES;
				CLANG_WARN_UNGUARDED_AVAILABILITY = YES_AGGRESSIVE;
				CLANG_WARN_UNREACHABLE_CODE = YES;
				CLANG_WARN__DUPLICATE_METHOD_MATCH = YES;
				COPY_PHASE_STRIP = NO;
				DEBUG_INFORMATION_FORMAT = dwarf;
				DEVELOPMENT_TEAM = 2KC59ZZTWK;
				ENABLE_STRICT_OBJC_MSGSEND = YES;
				ENABLE_TESTABILITY = YES;
				ENABLE_USER_SCRIPT_SANDBOXING = YES;
				GCC_C_LANGUAGE_STANDARD = gnu17;
				GCC_DYNAMIC_NO_PIC = NO;
				GCC_NO_COMMON_BLOCKS = YES;
				GCC_OPTIMIZATION_LEVEL = 0;
				GCC_PREPROCESSOR_DEFINITIONS = (
					"DEBUG=1",
					"$(inherited)",
				);
				GCC_WARN_64_TO_32_BIT_CONVERSION = YES;
				GCC_WARN_ABOUT_RETURN_TYPE = YES_ERROR;
				GCC_WARN_UNDECLARED_SELECTOR = YES;
				GCC_WARN_UNINITIALIZED_AUTOS = YES_AGGRESSIVE;
				GCC_WARN_UNUSED_FUNCTION = YES;
				GCC_WARN_UNUSED_VARIABLE = YES;
				IPHONEOS_DEPLOYMENT_TARGET = 26.2;
				LOCALIZATION_PREFERS_STRING_CATALOGS = YES;
				MTL_ENABLE_DEBUG_INFO = INCLUDE_SOURCE;
				MTL_FAST_MATH = YES;
				ONLY_ACTIVE_ARCH = YES;
				SDKROOT = iphoneos;
				SWIFT_ACTIVE_COMPILATION_CONDITIONS = "DEBUG $(inherited)";
				SWIFT_OPTIMIZATION_LEVEL = "-Onone";
			};
			name = Debug;
		};
		6DF0C9252F557AA60043B887 /* Release */ = {
			isa = XCBuildConfiguration;
			buildSettings = {
				ALWAYS_SEARCH_USER_PATHS = NO;
				ASSETCATALOG_COMPILER_GENERATE_SWIFT_ASSET_SYMBOL_EXTENSIONS = YES;
				CLANG_ANALYZER_NONNULL = YES;
				CLANG_ANALYZER_NUMBER_OBJECT_CONVERSION = YES_AGGRESSIVE;
				CLANG_CXX_LANGUAGE_STANDARD = "gnu++20";
				CLANG_ENABLE_MODULES = YES;
				CLANG_ENABLE_OBJC_ARC = YES;
				CLANG_ENABLE_OBJC_WEAK = YES;
				CLANG_WARN_BLOCK_CAPTURE_AUTORELEASING = YES;
				CLANG_WARN_BOOL_CONVERSION = YES;
				CLANG_WARN_COMMA = YES;
				CLANG_WARN_CONSTANT_CONVERSION = YES;
				CLANG_WARN_DEPRECATED_OBJC_IMPLEMENTATIONS = YES;
				CLANG_WARN_DIRECT_OBJC_ISA_USAGE = YES_ERROR;
				CLANG_WARN_DOCUMENTATION_COMMENTS = YES;
				CLANG_WARN_EMPTY_BODY = YES;
				CLANG_WARN_ENUM_CONVERSION = YES;
				CLANG_WARN_INFINITE_RECURSION = YES;
				CLANG_WARN_INT_CONVERSION = YES;
				CLANG_WARN_NON_LITERAL_NULL_CONVERSION = YES;
				CLANG_WARN_OBJC_IMPLICIT_RETAIN_SELF = YES;
				CLANG_WARN_OBJC_LITERAL_CONVERSION = YES;
				CLANG_WARN_OBJC_ROOT_CLASS = YES_ERROR;
				CLANG_WARN_QUOTED_INCLUDE_IN_FRAMEWORK_HEADER = YES;
				CLANG_WARN_RANGE_LOOP_ANALYSIS = YES;
				CLANG_WARN_STRICT_PROTOTYPES = YES;
				CLANG_WARN_SUSPICIOUS_MOVE = YES;
				CLANG_WARN_UNGUARDED_AVAILABILITY = YES_AGGRESSIVE;
				CLANG_WARN_UNREACHABLE_CODE = YES;
				CLANG_WARN__DUPLICATE_METHOD_MATCH = YES;
				COPY_PHASE_STRIP = NO;
				DEBUG_INFORMATION_FORMAT = "dwarf-with-dsym";
				DEVELOPMENT_TEAM = 2KC59ZZTWK;
				ENABLE_NS_ASSERTIONS = NO;
				ENABLE_STRICT_OBJC_MSGSEND = YES;
				ENABLE_USER_SCRIPT_SANDBOXING = YES;
				GCC_C_LANGUAGE_STANDARD = gnu17;
				GCC_NO_COMMON_BLOCKS = YES;
				GCC_WARN_64_TO_32_BIT_CONVERSION = YES;
				GCC_WARN_ABOUT_RETURN_TYPE = YES_ERROR;
				GCC_WARN_UNDECLARED_SELECTOR = YES;
				GCC_WARN_UNINITIALIZED_AUTOS = YES_AGGRESSIVE;
				GCC_WARN_UNUSED_FUNCTION = YES;
				GCC_WARN_UNUSED_VARIABLE = YES;
				IPHONEOS_DEPLOYMENT_TARGET = 26.2;
				LOCALIZATION_PREFERS_STRING_CATALOGS = YES;
				MTL_ENABLE_DEBUG_INFO = NO;
				MTL_FAST_MATH = YES;
				SDKROOT = iphoneos;
				SWIFT_COMPILATION_MODE = wholemodule;
				VALIDATE_PRODUCT = YES;
			};
			name = Release;
		};
		6DF0C9272F557AA60043B887 /* Debug */ = {
			isa = XCBuildConfiguration;
			buildSettings = {
				ASSETCATALOG_COMPILER_APPICON_NAME = AppIcon;
				ASSETCATALOG_COMPILER_GLOBAL_ACCENT_COLOR_NAME = AccentColor;
				CODE_SIGN_ENTITLEMENTS = DailyTodo/DailyTodo.entitlements;
				CODE_SIGN_STYLE = Automatic;
				CURRENT_PROJECT_VERSION = 1;
				DEVELOPMENT_TEAM = 2KC59ZZTWK;
				ENABLE_PREVIEWS = YES;
				GENERATE_INFOPLIST_FILE = YES;
				INFOPLIST_FILE = DailyTodo/Info.plist;
				INFOPLIST_KEY_NSSupportsLiveActivities = YES;
				INFOPLIST_KEY_UIApplicationSceneManifest_Generation = YES;
				INFOPLIST_KEY_UIApplicationSupportsIndirectInputEvents = YES;
				INFOPLIST_KEY_UILaunchScreen_Generation = YES;
				INFOPLIST_KEY_UISupportedInterfaceOrientations_iPad = "UIInterfaceOrientationPortrait UIInterfaceOrientationPortraitUpsideDown UIInterfaceOrientationLandscapeLeft UIInterfaceOrientationLandscapeRight";
				INFOPLIST_KEY_UISupportedInterfaceOrientations_iPhone = "UIInterfaceOrientationPortrait UIInterfaceOrientationLandscapeLeft UIInterfaceOrientationLandscapeRight";
				IPHONEOS_DEPLOYMENT_TARGET = 26.0;
				LD_RUNPATH_SEARCH_PATHS = (
					"$(inherited)",
					"@executable_path/Frameworks",
				);
				MARKETING_VERSION = 1.0;
				PRODUCT_BUNDLE_IDENTIFIER = com.atakan.DailyTodo;
				PRODUCT_NAME = "$(TARGET_NAME)";
				STRING_CATALOG_GENERATE_SYMBOLS = YES;
				SWIFT_APPROACHABLE_CONCURRENCY = YES;
				SWIFT_DEFAULT_ACTOR_ISOLATION = MainActor;
				SWIFT_EMIT_LOC_STRINGS = YES;
				SWIFT_UPCOMING_FEATURE_MEMBER_IMPORT_VISIBILITY = YES;
				SWIFT_VERSION = 5.0;
				TARGETED_DEVICE_FAMILY = "1,2";
			};
			name = Debug;
		};
		6DF0C9282F557AA60043B887 /* Release */ = {
			isa = XCBuildConfiguration;
			buildSettings = {
				ASSETCATALOG_COMPILER_APPICON_NAME = AppIcon;
				ASSETCATALOG_COMPILER_GLOBAL_ACCENT_COLOR_NAME = AccentColor;
				CODE_SIGN_ENTITLEMENTS = DailyTodo/DailyTodo.entitlements;
				CODE_SIGN_STYLE = Automatic;
				CURRENT_PROJECT_VERSION = 1;
				DEVELOPMENT_TEAM = 2KC59ZZTWK;
				ENABLE_PREVIEWS = YES;
				GENERATE_INFOPLIST_FILE = YES;
				INFOPLIST_FILE = DailyTodo/Info.plist;
				INFOPLIST_KEY_NSSupportsLiveActivities = YES;
				INFOPLIST_KEY_UIApplicationSceneManifest_Generation = YES;
				INFOPLIST_KEY_UIApplicationSupportsIndirectInputEvents = YES;
				INFOPLIST_KEY_UILaunchScreen_Generation = YES;
				INFOPLIST_KEY_UISupportedInterfaceOrientations_iPad = "UIInterfaceOrientationPortrait UIInterfaceOrientationPortraitUpsideDown UIInterfaceOrientationLandscapeLeft UIInterfaceOrientationLandscapeRight";
				INFOPLIST_KEY_UISupportedInterfaceOrientations_iPhone = "UIInterfaceOrientationPortrait UIInterfaceOrientationLandscapeLeft UIInterfaceOrientationLandscapeRight";
				IPHONEOS_DEPLOYMENT_TARGET = 26.0;
				LD_RUNPATH_SEARCH_PATHS = (
					"$(inherited)",
					"@executable_path/Frameworks",
				);
				MARKETING_VERSION = 1.0;
				PRODUCT_BUNDLE_IDENTIFIER = com.atakan.DailyTodo;
				PRODUCT_NAME = "$(TARGET_NAME)";
				STRING_CATALOG_GENERATE_SYMBOLS = YES;
				SWIFT_APPROACHABLE_CONCURRENCY = YES;
				SWIFT_DEFAULT_ACTOR_ISOLATION = MainActor;
				SWIFT_EMIT_LOC_STRINGS = YES;
				SWIFT_UPCOMING_FEATURE_MEMBER_IMPORT_VISIBILITY = YES;
				SWIFT_VERSION = 5.0;
				TARGETED_DEVICE_FAMILY = "1,2";
			};
			name = Release;
		};
/* End XCBuildConfiguration section */

/* Begin XCConfigurationList section */
		6D215DD22F56458E00F7B9D7 /* Build configuration list for PBXNativeTarget "WidgetExtensionExtension" */ = {
			isa = XCConfigurationList;
			buildConfigurations = (
				6D215DD32F56458E00F7B9D7 /* Debug */,
				6D215DD42F56458E00F7B9D7 /* Release */,
			);
			defaultConfigurationIsVisible = 0;
			defaultConfigurationName = Release;
		};
		6DF0C9142F557AA50043B887 /* Build configuration list for PBXProject "DailyTodo" */ = {
			isa = XCConfigurationList;
			buildConfigurations = (
				6DF0C9242F557AA60043B887 /* Debug */,
				6DF0C9252F557AA60043B887 /* Release */,
			);
			defaultConfigurationIsVisible = 0;
			defaultConfigurationName = Release;
		};
		6DF0C9262F557AA60043B887 /* Build configuration list for PBXNativeTarget "DailyTodo" */ = {
			isa = XCConfigurationList;
			buildConfigurations = (
				6DF0C9272F557AA60043B887 /* Debug */,
				6DF0C9282F557AA60043B887 /* Release */,
			);
			defaultConfigurationIsVisible = 0;
			defaultConfigurationName = Release;
		};
/* End XCConfigurationList section */
	};
	rootObject = 6DF0C9112F557AA50043B887 /* Project object */;
}
